
Microsoft Visual Studio Solution File, Format Version 12.00
# Visual Studio Version 17
VisualStudioVersion = 17.0.31903.59
MinimumVisualStudioVersion = 10.0.40219.1
Project("{2150E333-8FDC-42A3-9474-1A3956D46DE8}") = "src", "src", "{2DF33220-C0C8-4ED3-863F-296D03E7E95C}"
EndProject
Project("{2150E333-8FDC-42A3-9474-1A3956D46DE8}") = "Shared", "Shared", "{213FFECB-9844-413E-B0DC-7A20AD80991C}"
EndProject
Project("{FAE04EC0-301F-11D3-BF4B-00C04F79EFBC}") = "DepresStore.Shared.Kernel", "src\Shared\Kernel\DepresStore.Shared.Kernel.csproj", "{8AD9A8D4-F9C3-444A-8CA4-B9EF62EFC982}"
EndProject
Project("{2150E333-8FDC-42A3-9474-1A3956D46DE8}") = "Modules", "Modules", "{402DDD95-BEFB-452E-8D26-1A5AFAFBE0F7}"
EndProject
Project("{2150E333-8FDC-42A3-9474-1A3956D46DE8}") = "Catalog", "Catalog", "{9B8E06F4-40ED-424C-B463-AA4799C89B11}"
EndProject
Project("{FAE04EC0-301F-11D3-BF4B-00C04F79EFBC}") = "DepresStore.Modules.Catalog.Domain", "src\Modules\Catalog\Domain\DepresStore.Modules.Catalog.Domain.csproj", "{F2BF25C8-EF60-4800-A4CC-AC8A45225BF6}"
EndProject
Project("{FAE04EC0-301F-11D3-BF4B-00C04F79EFBC}") = "DepresStore.Modules.Catalog.Infrastructure", "src\Modules\Catalog\Infrastructure\DepresStore.Modules.Catalog.Infrastructure.csproj", "{0C1647C4-07B7-47F7-A319-551B94E51866}"
EndProject
Project("{FAE04EC0-301F-11D3-BF4B-00C04F79EFBC}") = "DepresStore.Modules.Catalog.Application", "src\Modules\Catalog\Application\DepresStore.Modules.Catalog.Application.csproj", "{35468642-0D11-47D7-90D6-8D25D46F05E8}"
EndProject
Project("{FAE04EC0-301F-11D3-BF4B-00C04F79EFBC}") = "DepresStore.Shared.Infrastructure", "src\Shared\Infrastructure\DepresStore.Shared.Infrastructure.csproj", "{87B0897C-0DC7-4340-85F2-A1868B5C2A83}"
EndProject
Project("{2150E333-8FDC-42A3-9474-1A3956D46DE8}") = "Web", "Web", "{32486570-955A-42DD-9490-D49674AA97BE}"
EndProject
Project("{FAE04EC0-301F-11D3-BF4B-00C04F79EFBC}") = "DepresStore.WebApi", "src\Web\WebApi\DepresStore.WebApi.csproj", "{4E52813E-F661-4560-9990-1A5E67FCC682}"
EndProject
Project("{2150E333-8FDC-42A3-9474-1A3956D46DE8}") = "Inventory", "Inventory", "{4CE558F8-FB35-4C7B-9F0B-E7FE66B797F1}"
EndProject
Project("{FAE04EC0-301F-11D3-BF4B-00C04F79EFBC}") = "DepresStore.Modules.Inventory.Domain", "src\Modules\Inventory\Domain\DepresStore.Modules.Inventory.Domain.csproj", "{91EA0C61-7DE6-4E57-A0AB-CD966F8E26F9}"
EndProject
Project("{FAE04EC0-301F-11D3-BF4B-00C04F79EFBC}") = "DepresStore.Modules.Inventory.Application", "src\Modules\Inventory\Application\DepresStore.Modules.Inventory.Application.csproj", "{F2566320-0D96-4A31-B221-56991A51AE24}"
EndProject
Project("{FAE04EC0-301F-11D3-BF4B-00C04F79EFBC}") = "DepresStore.Modules.Inventory.Infrastructure", "src\Modules\Inventory\Infrastructure\DepresStore.Modules.Inventory.Infrastructure.csproj", "{BBDB1A72-A104-411C-B0E1-91FBC6BFC725}"
EndProject
Project("{FAE04EC0-301F-11D3-BF4B-00C04F79EFBC}") = "DepresStore.Modules.Catalog.IntegrationEvents", "src\Modules\Catalog\IntegrationEvents\DepresStore.Modules.Catalog.IntegrationEvents.csproj", "{F3DB5447-A360-4E7A-8E02-C52456555F64}"
EndProject
Project("{FAE04EC0-301F-11D3-BF4B-00C04F79EFBC}") = "DepresStore.WebApp", "src\Web\WebApp\DepresStore.WebApp.csproj", "{4D842D0F-39FB-40C8-8E6B-0330008CC0B0}"
EndProject
Project("{FAE04EC0-301F-11D3-BF4B-00C04F79EFBC}") = "DepresStore.Modules.Catalog.Composition", "src\Modules\Catalog\Composition\DepresStore.Modules.Catalog.Composition.csproj", "{49B2A327-28A0-435E-A285-F47993C59F04}"
EndProject
Project("{FAE04EC0-301F-11D3-BF4B-00C04F79EFBC}") = "DepresStore.Modules.Inventory.Composition", "src\Modules\Inventory\Composition\DepresStore.Modules.Inventory.Composition.csproj", "{02A88B08-29E4-4770-B77F-30307037878A}"
EndProject
Global
	GlobalSection(SolutionConfigurationPlatforms) = preSolution
		Debug|Any CPU = Debug|Any CPU
		Release|Any CPU = Release|Any CPU
	EndGlobalSection
	GlobalSection(SolutionProperties) = preSolution
		HideSolutionNode = FALSE
	EndGlobalSection
	GlobalSection(ProjectConfigurationPlatforms) = postSolution
		{8AD9A8D4-F9C3-444A-8CA4-B9EF62EFC982}.Debug|Any CPU.ActiveCfg = Debug|Any CPU
		{8AD9A8D4-F9C3-444A-8CA4-B9EF62EFC982}.Debug|Any CPU.Build.0 = Debug|Any CPU
		{8AD9A8D4-F9C3-444A-8CA4-B9EF62EFC982}.Release|Any CPU.ActiveCfg = Release|Any CPU
		{8AD9A8D4-F9C3-444A-8CA4-B9EF62EFC982}.Release|Any CPU.Build.0 = Release|Any CPU
		{F2BF25C8-EF60-4800-A4CC-AC8A45225BF6}.Debug|Any CPU.ActiveCfg = Debug|Any CPU
		{F2BF25C8-EF60-4800-A4CC-AC8A45225BF6}.Debug|Any CPU.Build.0 = Debug|Any CPU
		{F2BF25C8-EF60-4800-A4CC-AC8A45225BF6}.Release|Any CPU.ActiveCfg = Release|Any CPU
		{F2BF25C8-EF60-4800-A4CC-AC8A45225BF6}.Release|Any CPU.Build.0 = Release|Any CPU
		{0C1647C4-07B7-47F7-A319-551B94E51866}.Debug|Any CPU.ActiveCfg = Debug|Any CPU
		{0C1647C4-07B7-47F7-A319-551B94E51866}.Debug|Any CPU.Build.0 = Debug|Any CPU
		{0C1647C4-07B7-47F7-A319-551B94E51866}.Release|Any CPU.ActiveCfg = Release|Any CPU
		{0C1647C4-07B7-47F7-A319-551B94E51866}.Release|Any CPU.Build.0 = Release|Any CPU
		{35468642-0D11-47D7-90D6-8D25D46F05E8}.Debug|Any CPU.ActiveCfg = Debug|Any CPU
		{35468642-0D11-47D7-90D6-8D25D46F05E8}.Debug|Any CPU.Build.0 = Debug|Any CPU
		{35468642-0D11-47D7-90D6-8D25D46F05E8}.Release|Any CPU.ActiveCfg = Release|Any CPU
		{35468642-0D11-47D7-90D6-8D25D46F05E8}.Release|Any CPU.Build.0 = Release|Any CPU
		{87B0897C-0DC7-4340-85F2-A1868B5C2A83}.Debug|Any CPU.ActiveCfg = Debug|Any CPU
		{87B0897C-0DC7-4340-85F2-A1868B5C2A83}.Debug|Any CPU.Build.0 = Debug|Any CPU
		{87B0897C-0DC7-4340-85F2-A1868B5C2A83}.Release|Any CPU.ActiveCfg = Release|Any CPU
		{87B0897C-0DC7-4340-85F2-A1868B5C2A83}.Release|Any CPU.Build.0 = Release|Any CPU
		{4E52813E-F661-4560-9990-1A5E67FCC682}.Debug|Any CPU.ActiveCfg = Debug|Any CPU
		{4E52813E-F661-4560-9990-1A5E67FCC682}.Debug|Any CPU.Build.0 = Debug|Any CPU
		{4E52813E-F661-4560-9990-1A5E67FCC682}.Release|Any CPU.ActiveCfg = Release|Any CPU
		{4E52813E-F661-4560-9990-1A5E67FCC682}.Release|Any CPU.Build.0 = Release|Any CPU
		{91EA0C61-7DE6-4E57-A0AB-CD966F8E26F9}.Debug|Any CPU.ActiveCfg = Debug|Any CPU
		{91EA0C61-7DE6-4E57-A0AB-CD966F8E26F9}.Debug|Any CPU.Build.0 = Debug|Any CPU
		{91EA0C61-7DE6-4E57-A0AB-CD966F8E26F9}.Release|Any CPU.ActiveCfg = Release|Any CPU
		{91EA0C61-7DE6-4E57-A0AB-CD966F8E26F9}.Release|Any CPU.Build.0 = Release|Any CPU
		{F2566320-0D96-4A31-B221-56991A51AE24}.Debug|Any CPU.ActiveCfg = Debug|Any CPU
		{F2566320-0D96-4A31-B221-56991A51AE24}.Debug|Any CPU.Build.0 = Debug|Any CPU
		{F2566320-0D96-4A31-B221-56991A51AE24}.Release|Any CPU.ActiveCfg = Release|Any CPU
		{F2566320-0D96-4A31-B221-56991A51AE24}.Release|Any CPU.Build.0 = Release|Any CPU
		{BBDB1A72-A104-411C-B0E1-91FBC6BFC725}.Debug|Any CPU.ActiveCfg = Debug|Any CPU
		{BBDB1A72-A104-411C-B0E1-91FBC6BFC725}.Debug|Any CPU.Build.0 = Debug|Any CPU
		{BBDB1A72-A104-411C-B0E1-91FBC6BFC725}.Release|Any CPU.ActiveCfg = Release|Any CPU
		{BBDB1A72-A104-411C-B0E1-91FBC6BFC725}.Release|Any CPU.Build.0 = Release|Any CPU
		{F3DB5447-A360-4E7A-8E02-C52456555F64}.Debug|Any CPU.ActiveCfg = Debug|Any CPU
		{F3DB5447-A360-4E7A-8E02-C52456555F64}.Debug|Any CPU.Build.0 = Debug|Any CPU
		{F3DB5447-A360-4E7A-8E02-C52456555F64}.Release|Any CPU.ActiveCfg = Release|Any CPU
		{F3DB5447-A360-4E7A-8E02-C52456555F64}.Release|Any CPU.Build.0 = Release|Any CPU
		{4D842D0F-39FB-40C8-8E6B-0330008CC0B0}.Debug|Any CPU.ActiveCfg = Debug|Any CPU
		{4D842D0F-39FB-40C8-8E6B-0330008CC0B0}.Debug|Any CPU.Build.0 = Debug|Any CPU
		{4D842D0F-39FB-40C8-8E6B-0330008CC0B0}.Release|Any CPU.ActiveCfg = Release|Any CPU
		{4D842D0F-39FB-40C8-8E6B-0330008CC0B0}.Release|Any CPU.Build.0 = Release|Any CPU
		{49B2A327-28A0-435E-A285-F47993C59F04}.Debug|Any CPU.ActiveCfg = Debug|Any CPU
		{49B2A327-28A0-435E-A285-F47993C59F04}.Debug|Any CPU.Build.0 = Debug|Any CPU
		{49B2A327-28A0-435E-A285-F47993C59F04}.Release|Any CPU.ActiveCfg = Release|Any CPU
		{49B2A327-28A0-435E-A285-F47993C59F04}.Release|Any CPU.Build.0 = Release|Any CPU
		{02A88B08-29E4-4770-B77F-30307037878A}.Debug|Any CPU.ActiveCfg = Debug|Any CPU
		{02A88B08-29E4-4770-B77F-30307037878A}.Debug|Any CPU.Build.0 = Debug|Any CPU
		{02A88B08-29E4-4770-B77F-30307037878A}.Release|Any CPU.ActiveCfg = Release|Any CPU
		{02A88B08-29E4-4770-B77F-30307037878A}.Release|Any CPU.Build.0 = Release|Any CPU
	EndGlobalSection
	GlobalSection(NestedProjects) = preSolution
		{213FFECB-9844-413E-B0DC-7A20AD80991C} = {2DF33220-C0C8-4ED3-863F-296D03E7E95C}
		{8AD9A8D4-F9C3-444A-8CA4-B9EF62EFC982} = {213FFECB-9844-413E-B0DC-7A20AD80991C}
		{402DDD95-BEFB-452E-8D26-1A5AFAFBE0F7} = {2DF33220-C0C8-4ED3-863F-296D03E7E95C}
		{9B8E06F4-40ED-424C-B463-AA4799C89B11} = {402DDD95-BEFB-452E-8D26-1A5AFAFBE0F7}
		{F2BF25C8-EF60-4800-A4CC-AC8A45225BF6} = {9B8E06F4-40ED-424C-B463-AA4799C89B11}
		{0C1647C4-07B7-47F7-A319-551B94E51866} = {9B8E06F4-40ED-424C-B463-AA4799C89B11}
		{35468642-0D11-47D7-90D6-8D25D46F05E8} = {9B8E06F4-40ED-424C-B463-AA4799C89B11}
		{87B0897C-0DC7-4340-85F2-A1868B5C2A83} = {213FFECB-9844-413E-B0DC-7A20AD80991C}
		{32486570-955A-42DD-9490-D49674AA97BE} = {2DF33220-C0C8-4ED3-863F-296D03E7E95C}
		{4E52813E-F661-4560-9990-1A5E67FCC682} = {32486570-955A-42DD-9490-D49674AA97BE}
		{4CE558F8-FB35-4C7B-9F0B-E7FE66B797F1} = {402DDD95-BEFB-452E-8D26-1A5AFAFBE0F7}
		{91EA0C61-7DE6-4E57-A0AB-CD966F8E26F9} = {4CE558F8-FB35-4C7B-9F0B-E7FE66B797F1}
		{F2566320-0D96-4A31-B221-56991A51AE24} = {4CE558F8-FB35-4C7B-9F0B-E7FE66B797F1}
		{BBDB1A72-A104-411C-B0E1-91FBC6BFC725} = {4CE558F8-FB35-4C7B-9F0B-E7FE66B797F1}
		{F3DB5447-A360-4E7A-8E02-C52456555F64} = {9B8E06F4-40ED-424C-B463-AA4799C89B11}
		{4D842D0F-39FB-40C8-8E6B-0330008CC0B0} = {32486570-955A-42DD-9490-D49674AA97BE}
		{49B2A327-28A0-435E-A285-F47993C59F04} = {9B8E06F4-40ED-424C-B463-AA4799C89B11}
		{02A88B08-29E4-4770-B77F-30307037878A} = {4CE558F8-FB35-4C7B-9F0B-E7FE66B797F1}
	EndGlobalSection
EndGlobal
